// !$*UTF8*$!
{
	archiveVersion = 1;
	classes = {
	};
	objectVersion = 46;
	objects = {

/* Begin PBXBuildFile section */
		450A27C219C83A8500DFCF36 /* 15.jpg in Resources */ = {isa = PBXBuildFile; fileRef = 450A27C119C83A8500DFCF36 /* 15.jpg */; };
		45AF54AA199D444B00FE50C1 /* Foundation.framework in Frameworks */ = {isa = PBXBuildFile; fileRef = 45AF54A9199D444B00FE50C1 /* Foundation.framework */; };
		45AF54AC199D444B00FE50C1 /* CoreGraphics.framework in Frameworks */ = {isa = PBXBuildFile; fileRef = 45AF54AB199D444B00FE50C1 /* CoreGraphics.framework */; };
		45AF54AE199D444B00FE50C1 /* UIKit.framework in Frameworks */ = {isa = PBXBuildFile; fileRef = 45AF54AD199D444B00FE50C1 /* UIKit.framework */; };
		45AF54B4199D444B00FE50C1 /* InfoPlist.strings in Resources */ = {isa = PBXBuildFile; fileRef = 45AF54B2199D444B00FE50C1 /* InfoPlist.strings */; };
		45AF54B6199D444B00FE50C1 /* main.m in Sources */ = {isa = PBXBuildFile; fileRef = 45AF54B5199D444B00FE50C1 /* main.m */; };
		45AF54BA199D444B00FE50C1 /* AIAppDelegate.m in Sources */ = {isa = PBXBuildFile; fileRef = 45AF54B9199D444B00FE50C1 /* AIAppDelegate.m */; };
		45AF54BC199D444B00FE50C1 /* Images.xcassets in Resources */ = {isa = PBXBuildFile; fileRef = 45AF54BB199D444B00FE50C1 /* Images.xcassets */; };
		45AF54C3199D444B00FE50C1 /* XCTest.framework in Frameworks */ = {isa = PBXBuildFile; fileRef = 45AF54C2199D444B00FE50C1 /* XCTest.framework */; };
		45AF54C4199D444B00FE50C1 /* Foundation.framework in Frameworks */ = {isa = PBXBuildFile; fileRef = 45AF54A9199D444B00FE50C1 /* Foundation.framework */; };
		45AF54C5199D444B00FE50C1 /* UIKit.framework in Frameworks */ = {isa = PBXBuildFile; fileRef = 45AF54AD199D444B00FE50C1 /* UIKit.framework */; };
		45AF54CD199D444C00FE50C1 /* InfoPlist.strings in Resources */ = {isa = PBXBuildFile; fileRef = 45AF54CB199D444C00FE50C1 /* InfoPlist.strings */; };
		45AF54CF199D444C00FE50C1 /* CalculatorTests.m in Sources */ = {isa = PBXBuildFile; fileRef = 45AF54CE199D444C00FE50C1 /* CalculatorTests.m */; };
		45AF54DA199D449300FE50C1 /* AIViewController.m in Sources */ = {isa = PBXBuildFile; fileRef = 45AF54D9199D449300FE50C1 /* AIViewController.m */; };
		45AF54E0199D504900FE50C1 /* AIView.m in Sources */ = {isa = PBXBuildFile; fileRef = 45AF54DF199D504900FE50C1 /* AIView.m */; };
/* End PBXBuildFile section */

/* Begin PBXContainerItemProxy section */
		45AF54C6199D444C00FE50C1 /* PBXContainerItemProxy */ = {
			isa = PBXContainerItemProxy;
			containerPortal = 45AF549E199D444B00FE50C1 /* Project object */;
			proxyType = 1;
			remoteGlobalIDString = 45AF54A5199D444B00FE50C1;
			remoteInfo = Calculator;
		};
/* End PBXContainerItemProxy section */

/* Begin PBXFileReference section */
		450A27C119C83A8500DFCF36 /* 15.jpg */ = {isa = PBXFileReference; lastKnownFileType = image.jpeg; path = 15.jpg; sourceTree = SOURCE_ROOT; };
		45AF54A6199D444B00FE50C1 /* TaskCalculator.app */ = {isa = PBXFileReference; explicitFileType = wrapper.application; includeInIndex = 0; path = TaskCalculator.app; sourceTree = BUILT_PRODUCTS_DIR; };
		45AF54A9199D444B00FE50C1 /* Foundation.framework */ = {isa = PBXFileReference; lastKnownFileType = wrapper.framework; name = Foundation.framework; path = System/Library/Frameworks/Foundation.framework; sourceTree = SDKROOT; };
		45AF54AB199D444B00FE50C1 /* CoreGraphics.framework */ = {isa = PBXFileReference; lastKnownFileType = wrapper.framework; name = CoreGraphics.framework; path = System/Library/Frameworks/CoreGraphics.framework; sourceTree = SDKROOT; };
		45AF54AD199D444B00FE50C1 /* UIKit.framework */ = {isa = PBXFileReference; lastKnownFileType = wrapper.framework; name = UIKit.framework; path = System/Library/Frameworks/UIKit.framework; sourceTree = SDKROOT; };
		45AF54B1199D444B00FE50C1 /* TaskCalculator-Info.plist */ = {isa = PBXFileReference; lastKnownFileType = text.plist.xml; path = "TaskCalculator-Info.plist"; sourceTree = "<group>"; };
		45AF54B3199D444B00FE50C1 /* en */ = {isa = PBXFileReference; lastKnownFileType = text.plist.strings; name = en; path = en.lproj/InfoPlist.strings; sourceTree = "<group>"; };
		45AF54B5199D444B00FE50C1 /* main.m */ = {isa = PBXFileReference; lastKnownFileType = sourcecode.c.objc; path = main.m; sourceTree = "<group>"; };
		45AF54B7199D444B00FE50C1 /* Calculator-Prefix.pch */ = {isa = PBXFileReference; lastKnownFileType = sourcecode.c.h; path = "Calculator-Prefix.pch"; sourceTree = "<group>"; };
		45AF54B8199D444B00FE50C1 /* AIAppDelegate.h */ = {isa = PBXFileReference; lastKnownFileType = sourcecode.c.h; path = AIAppDelegate.h; sourceTree = "<group>"; };
		45AF54B9199D444B00FE50C1 /* AIAppDelegate.m */ = {isa = PBXFileReference; lastKnownFileType = sourcecode.c.objc; path = AIAppDelegate.m; sourceTree = "<group>"; };
		45AF54BB199D444B00FE50C1 /* Images.xcassets */ = {isa = PBXFileReference; lastKnownFileType = folder.assetcatalog; path = Images.xcassets; sourceTree = "<group>"; };
		45AF54C1199D444B00FE50C1 /* TaskCalculatorTests.xctest */ = {isa = PBXFileReference; explicitFileType = wrapper.cfbundle; includeInIndex = 0; path = TaskCalculatorTests.xctest; sourceTree = BUILT_PRODUCTS_DIR; };
		45AF54C2199D444B00FE50C1 /* XCTest.framework */ = {isa = PBXFileReference; lastKnownFileType = wrapper.framework; name = XCTest.framework; path = Library/Frameworks/XCTest.framework; sourceTree = DEVELOPER_DIR; };
		45AF54CA199D444C00FE50C1 /* TaskCalculatorTests-Info.plist */ = {isa = PBXFileReference; lastKnownFileType = text.plist.xml; path = "TaskCalculatorTests-Info.plist"; sourceTree = "<group>"; };
		45AF54CC199D444C00FE50C1 /* en */ = {isa = PBXFileReference; lastKnownFileType = text.plist.strings; name = en; path = en.lproj/InfoPlist.strings; sourceTree = "<group>"; };
		45AF54CE199D444C00FE50C1 /* CalculatorTests.m */ = {isa = PBXFileReference; lastKnownFileType = sourcecode.c.objc; path = CalculatorTests.m; sourceTree = "<group>"; };
		45AF54D8199D449300FE50C1 /* AIViewController.h */ = {isa = PBXFileReference; fileEncoding = 4; lastKnownFileType = sourcecode.c.h; path = AIViewController.h; sourceTree = "<group>"; };
		45AF54D9199D449300FE50C1 /* AIViewController.m */ = {isa = PBXFileReference; fileEncoding = 4; lastKnownFileType = sourcecode.c.objc; path = AIViewController.m; sourceTree = "<group>"; };
		45AF54DE199D504900FE50C1 /* AIView.h */ = {isa = PBXFileReference; fileEncoding = 4; lastKnownFileType = sourcecode.c.h; path = AIView.h; sourceTree = "<group>"; };
		45AF54DF199D504900FE50C1 /* AIView.m */ = {isa = PBXFileReference; fileEncoding = 4; lastKnownFileType = sourcecode.c.objc; path = AIView.m; sourceTree = "<group>"; };
/* End PBXFileReference section */

/* Begin PBXFrameworksBuildPhase section */
		45AF54A3199D444B00FE50C1 /* Frameworks */ = {
			isa = PBXFrameworksBuildPhase;
			buildActionMask = 2147483647;
			files = (
				45AF54AC199D444B00FE50C1 /* CoreGraphics.framework in Frameworks */,
				45AF54AE199D444B00FE50C1 /* UIKit.framework in Frameworks */,
				45AF54AA199D444B00FE50C1 /* Foundation.framework in Frameworks */,
			);
			runOnlyForDeploymentPostprocessing = 0;
		};
		45AF54BE199D444B00FE50C1 /* Frameworks */ = {
			isa = PBXFrameworksBuildPhase;
			buildActionMask = 2147483647;
			files = (
				45AF54C3199D444B00FE50C1 /* XCTest.framework in Frameworks */,
				45AF54C5199D444B00FE50C1 /* UIKit.framework in Frameworks */,
				45AF54C4199D444B00FE50C1 /* Foundation.framework in Frameworks */,
			);
			runOnlyForDeploymentPostprocessing = 0;
		};
/* End PBXFrameworksBuildPhase section */

/* Begin PBXGroup section */
		45AF549D199D444B00FE50C1 = {
			isa = PBXGroup;
			children = (
				45AF54AF199D444B00FE50C1 /* Calculator */,
				45AF54C8199D444C00FE50C1 /* CalculatorTests */,
				45AF54A8199D444B00FE50C1 /* Frameworks */,
				45AF54A7199D444B00FE50C1 /* Products */,
			);
			sourceTree = "<group>";
		};
		45AF54A7199D444B00FE50C1 /* Products */ = {
			isa = PBXGroup;
			children = (
				45AF54A6199D444B00FE50C1 /* TaskCalculator.app */,
				45AF54C1199D444B00FE50C1 /* TaskCalculatorTests.xctest */,
			);
			name = Products;
			sourceTree = "<group>";
		};
		45AF54A8199D444B00FE50C1 /* Frameworks */ = {
			isa = PBXGroup;
			children = (
				45AF54A9199D444B00FE50C1 /* Foundation.framework */,
				45AF54AB199D444B00FE50C1 /* CoreGraphics.framework */,
				45AF54AD199D444B00FE50C1 /* UIKit.framework */,
				45AF54C2199D444B00FE50C1 /* XCTest.framework */,
			);
			name = Frameworks;
			sourceTree = "<group>";
		};
		45AF54AF199D444B00FE50C1 /* Calculator */ = {
			isa = PBXGroup;
			children = (
				45AF54B8199D444B00FE50C1 /* AIAppDelegate.h */,
				45AF54B9199D444B00FE50C1 /* AIAppDelegate.m */,
				45AF54DE199D504900FE50C1 /* AIView.h */,
				45AF54DF199D504900FE50C1 /* AIView.m */,
				45AF54D8199D449300FE50C1 /* AIViewController.h */,
				45AF54D9199D449300FE50C1 /* AIViewController.m */,
				450A27C119C83A8500DFCF36 /* 15.jpg */,
				45AF54BB199D444B00FE50C1 /* Images.xcassets */,
				45AF54B0199D444B00FE50C1 /* Supporting Files */,
			);
			path = Calculator;
			sourceTree = "<group>";
		};
		45AF54B0199D444B00FE50C1 /* Supporting Files */ = {
			isa = PBXGroup;
			children = (
				45AF54B1199D444B00FE50C1 /* TaskCalculator-Info.plist */,
				45AF54B2199D444B00FE50C1 /* InfoPlist.strings */,
				45AF54B5199D444B00FE50C1 /* main.m */,
				45AF54B7199D444B00FE50C1 /* Calculator-Prefix.pch */,
			);
			name = "Supporting Files";
			sourceTree = "<group>";
		};
		45AF54C8199D444C00FE50C1 /* CalculatorTests */ = {
			isa = PBXGroup;
			children = (
				45AF54CE199D444C00FE50C1 /* CalculatorTests.m */,
				45AF54C9199D444C00FE50C1 /* Supporting Files */,
			);
			path = CalculatorTests;
			sourceTree = "<group>";
		};
		45AF54C9199D444C00FE50C1 /* Supporting Files */ = {
			isa = PBXGroup;
			children = (
				45AF54CA199D444C00FE50C1 /* TaskCalculatorTests-Info.plist */,
				45AF54CB199D444C00FE50C1 /* InfoPlist.strings */,
			);
			name = "Supporting Files";
			sourceTree = "<group>";
		};
/* End PBXGroup section */

/* Begin PBXNativeTarget section */
		45AF54A5199D444B00FE50C1 /* TaskCalculator */ = {
			isa = PBXNativeTarget;
			buildConfigurationList = 45AF54D2199D444C00FE50C1 /* Build configuration list for PBXNativeTarget "TaskCalculator" */;
			buildPhases = (
				45AF54A2199D444B00FE50C1 /* Sources */,
				45AF54A3199D444B00FE50C1 /* Frameworks */,
				45AF54A4199D444B00FE50C1 /* Resources */,
			);
			buildRules = (
			);
			dependencies = (
			);
			name = TaskCalculator;
			productName = Calculator;
			productReference = 45AF54A6199D444B00FE50C1 /* TaskCalculator.app */;
			productType = "com.apple.product-type.application";
		};
		45AF54C0199D444B00FE50C1 /* TaskCalculatorTests */ = {
			isa = PBXNativeTarget;
			buildConfigurationList = 45AF54D5199D444C00FE50C1 /* Build configuration list for PBXNativeTarget "TaskCalculatorTests" */;
			buildPhases = (
				45AF54BD199D444B00FE50C1 /* Sources */,
				45AF54BE199D444B00FE50C1 /* Frameworks */,
				45AF54BF199D444B00FE50C1 /* Resources */,
			);
			buildRules = (
			);
			dependencies = (
				45AF54C7199D444C00FE50C1 /* PBXTargetDependency */,
			);
			name = TaskCalculatorTests;
			productName = CalculatorTests;
			productReference = 45AF54C1199D444B00FE50C1 /* TaskCalculatorTests.xctest */;
			productType = "com.apple.product-type.bundle.unit-test";
		};
/* End PBXNativeTarget section */

/* Begin PBXProject section */
		45AF549E199D444B00FE50C1 /* Project object */ = {
			isa = PBXProject;
			attributes = {
				LastUpgradeCheck = 0510;
				ORGANIZATIONNAME = Air;
				TargetAttributes = {
					45AF54C0199D444B00FE50C1 = {
						TestTargetID = 45AF54A5199D444B00FE50C1;
					};
				};
			};
			buildConfigurationList = 45AF54A1199D444B00FE50C1 /* Build configuration list for PBXProject "TaskCalculator" */;
			compatibilityVersion = "Xcode 3.2";
			developmentRegion = English;
			hasScannedForEncodings = 0;
			knownRegions = (
				en,
			);
			mainGroup = 45AF549D199D444B00FE50C1;
			productRefGroup = 45AF54A7199D444B00FE50C1 /* Products */;
			projectDirPath = "";
			projectRoot = "";
			targets = (
				45AF54A5199D444B00FE50C1 /* TaskCalculator */,
				45AF54C0199D444B00FE50C1 /* TaskCalculatorTests */,
			);
		};
/* End PBXProject section */

/* Begin PBXResourcesBuildPhase section */
		45AF54A4199D444B00FE50C1 /* Resources */ = {
			isa = PBXResourcesBuildPhase;
			buildActionMask = 2147483647;
			files = (
				45AF54B4199D444B00FE50C1 /* InfoPlist.strings in Resources */,
				45AF54BC199D444B00FE50C1 /* Images.xcassets in Resources */,
				450A27C219C83A8500DFCF36 /* 15.jpg in Resources */,
			);
			runOnlyForDeploymentPostprocessing = 0;
		};
		45AF54BF199D444B00FE50C1 /* Resources */ = {
			isa = PBXResourcesBuildPhase;
			buildActionMask = 2147483647;
			files = (
				45AF54CD199D444C00FE50C1 /* InfoPlist.strings in Resources */,
			);
			runOnlyForDeploymentPostprocessing = 0;
		};
/* End PBXResourcesBuildPhase section */

/* Begin PBXSourcesBuildPhase section */
		45AF54A2199D444B00FE50C1 /* Sources */ = {
			isa = PBXSourcesBuildPhase;
			buildActionMask = 2147483647;
			files = (
				45AF54DA199D449300FE50C1 /* AIViewController.m in Sources */,
				45AF54BA199D444B00FE50C1 /* AIAppDelegate.m in Sources */,
				45AF54B6199D444B00FE50C1 /* main.m in Sources */,
				45AF54E0199D504900FE50C1 /* AIView.m in Sources */,
			);
			runOnlyForDeploymentPostprocessing = 0;
		};
		45AF54BD199D444B00FE50C1 /* Sources */ = {
			isa = PBXSourcesBuildPhase;
			buildActionMask = 2147483647;
			files = (
				45AF54CF199D444C00FE50C1 /* CalculatorTests.m in Sources */,
			);
			runOnlyForDeploymentPostprocessing = 0;
		};
/* End PBXSourcesBuildPhase section */

/* Begin PBXTargetDependency section */
		45AF54C7199D444C00FE50C1 /* PBXTargetDependency */ = {
			isa = PBXTargetDependency;
			target = 45AF54A5199D444B00FE50C1 /* TaskCalculator */;
			targetProxy = 45AF54C6199D444C00FE50C1 /* PBXContainerItemProxy */;
		};
/* End PBXTargetDependency section */

/* Begin PBXVariantGroup section */
		45AF54B2199D444B00FE50C1 /* InfoPlist.strings */ = {
			isa = PBXVariantGroup;
			children = (
				45AF54B3199D444B00FE50C1 /* en */,
			);
			name = InfoPlist.strings;
			sourceTree = "<group>";
		};
		45AF54CB199D444C00FE50C1 /* InfoPlist.strings */ = {
			isa = PBXVariantGroup;
			children = (
				45AF54CC199D444C00FE50C1 /* en */,
			);
			name = InfoPlist.strings;
			sourceTree = "<group>";
		};
/* End PBXVariantGroup section */

/* Begin XCBuildConfiguration section */
		45AF54D0199D444C00FE50C1 /* Debug */ = {
			isa = XCBuildConfiguration;
			buildSettings = {
				ALWAYS_SEARCH_USER_PATHS = NO;
				CLANG_CXX_LANGUAGE_STANDARD = "gnu++0x";
				CLANG_CXX_LIBRARY = "libc++";
				CLANG_ENABLE_MODULES = YES;
				CLANG_ENABLE_OBJC_ARC = YES;
				CLANG_WARN_BOOL_CONVERSION = YES;
				CLANG_WARN_CONSTANT_CONVERSION = YES;
				CLANG_WARN_DIRECT_OBJC_ISA_USAGE = YES_ERROR;
				CLANG_WARN_EMPTY_BODY = YES;
				CLANG_WARN_ENUM_CONVERSION = YES;
				CLANG_WARN_INT_CONVERSION = YES;
				CLANG_WARN_OBJC_ROOT_CLASS = YES_ERROR;
				CLANG_WARN__DUPLICATE_METHOD_MATCH = YES;
				"CODE_SIGN_IDENTITY[sdk=iphoneos*]" = "iPhone Developer";
				COPY_PHASE_STRIP = NO;
				GCC_C_LANGUAGE_STANDARD = gnu99;
				GCC_DYNAMIC_NO_PIC = NO;
				GCC_OPTIMIZATION_LEVEL = 0;
				GCC_PREPROCESSOR_DEFINITIONS = (
					"DEBUG=1",
					"$(inherited)",
				);
				GCC_SYMBOLS_PRIVATE_EXTERN = NO;
				GCC_WARN_64_TO_32_BIT_CONVERSION = YES;
				GCC_WARN_ABOUT_RETURN_TYPE = YES_ERROR;
				GCC_WARN_UNDECLARED_SELECTOR = YES;
				GCC_WARN_UNINITIALIZED_AUTOS = YES_AGGRESSIVE;
				GCC_WARN_UNUSED_FUNCTION = YES;
				GCC_WARN_UNUSED_VARIABLE = YES;
				IPHONEOS_DEPLOYMENT_TARGET = 7.1;
				ONLY_ACTIVE_ARCH = YES;
				SDKROOT = iphoneos;
			};
			name = Debug;
		};
		45AF54D1199D444C00FE50C1 /* Release */ = {
			isa = XCBuildConfiguration;
			buildSettings = {
				ALWAYS_SEARCH_USER_PATHS = NO;
				CLANG_CXX_LANGUAGE_STANDARD = "gnu++0x";
				CLANG_CXX_LIBRARY = "libc++";
				CLANG_ENABLE_MODULES = YES;
				CLANG_ENABLE_OBJC_ARC = YES;
				CLANG_WARN_BOOL_CONVERSION = YES;
				CLANG_WARN_CONSTANT_CONVERSION = YES;
				CLANG_WARN_DIRECT_OBJC_ISA_USAGE = YES_ERROR;
				CLANG_WARN_EMPTY_BODY = YES;
				CLANG_WARN_ENUM_CONVERSION = YES;
				CLANG_WARN_INT_CONVERSION = YES;
				CLANG_WARN_OBJC_ROOT_CLASS = YES_ERROR;
				CLANG_WARN__DUPLICATE_METHOD_MATCH = YES;
				"CODE_SIGN_IDENTITY[sdk=iphoneos*]" = "iPhone Developer";
				COPY_PHASE_STRIP = YES;
				ENABLE_NS_ASSERTIONS = NO;
				GCC_C_LANGUAGE_STANDARD = gnu99;
				GCC_WARN_64_TO_32_BIT_CONVERSION = YES;
				GCC_WARN_ABOUT_RETURN_TYPE = YES_ERROR;
				GCC_WARN_UNDECLARED_SELECTOR = YES;
				GCC_WARN_UNINITIALIZED_AUTOS = YES_AGGRESSIVE;
				GCC_WARN_UNUSED_FUNCTION = YES;
				GCC_WARN_UNUSED_VARIABLE = YES;
				IPHONEOS_DEPLOYMENT_TARGET = 7.1;
				SDKROOT = iphoneos;
				VALIDATE_PRODUCT = YES;
			};
			name = Release;
		};
		45AF54D3199D444C00FE50C1 /* Debug */ = {
			isa = XCBuildConfiguration;
			buildSettings = {
				ASSETCATALOG_COMPILER_APPICON_NAME = AppIcon;
				ASSETCATALOG_COMPILER_LAUNCHIMAGE_NAME = LaunchImage;
				GCC_PRECOMPILE_PREFIX_HEADER = YES;
				GCC_PREFIX_HEADER = "Calculator/TaskCalculator-Prefix.pch";
				INFOPLIST_FILE = "Calculator/TaskCalculator-Info.plist";
				PRODUCT_NAME = TaskCalculator;
				TARGETED_DEVICE_FAMILY = 1;
				WRAPPER_EXTENSION = app;
			};
			name = Debug;
		};
		45AF54D4199D444C00FE50C1 /* Release */ = {
			isa = XCBuildConfiguration;
			buildSettings = {
				ASSETCATALOG_COMPILER_APPICON_NAME = AppIcon;
				ASSETCATALOG_COMPILER_LAUNCHIMAGE_NAME = LaunchImage;
				GCC_PRECOMPILE_PREFIX_HEADER = YES;
				GCC_PREFIX_HEADER = "Calculator/TaskCalculator-Prefix.pch";
				INFOPLIST_FILE = "Calculator/TaskCalculator-Info.plist";
				PRODUCT_NAME = TaskCalculator;
				TARGETED_DEVICE_FAMILY = 1;
				WRAPPER_EXTENSION = app;
			};
			name = Release;
		};
		45AF54D6199D444C00FE50C1 /* Debug */ = {
			isa = XCBuildConfiguration;
			buildSettings = {
				BUNDLE_LOADER = "$(BUILT_PRODUCTS_DIR)/Calculator.app/Calculator";
				FRAMEWORK_SEARCH_PATHS = (
					"$(SDKROOT)/Developer/Library/Frameworks",
					"$(inherited)",
					"$(DEVELOPER_FRAMEWORKS_DIR)",
				);
				GCC_PRECOMPILE_PREFIX_HEADER = YES;
				GCC_PREFIX_HEADER = "Calculator/Calculator-Prefix.pch";
				GCC_PREPROCESSOR_DEFINITIONS = (
					"DEBUG=1",
					"$(inherited)",
				);
				INFOPLIST_FILE = "CalculatorTests/TaskCalculatorTests-Info.plist";
				PRODUCT_NAME = TaskCalculatorTests;
				TEST_HOST = "$(BUNDLE_LOADER)";
				WRAPPER_EXTENSION = xctest;
			};
			name = Debug;
		};
		45AF54D7199D444C00FE50C1 /* Release */ = {
			isa = XCBuildConfiguration;
			buildSettings = {
				BUNDLE_LOADER = "$(BUILT_PRODUCTS_DIR)/Calculator.app/Calculator";
				FRAMEWORK_SEARCH_PATHS = (
					"$(SDKROOT)/Developer/Library/Frameworks",
					"$(inherited)",
					"$(DEVELOPER_FRAMEWORKS_DIR)",
				);
				GCC_PRECOMPILE_PREFIX_HEADER = YES;
				GCC_PREFIX_HEADER = "Calculator/Calculator-Prefix.pch";
				INFOPLIST_FILE = "CalculatorTests/TaskCalculatorTests-Info.plist";
				PRODUCT_NAME = TaskCalculatorTests;
				TEST_HOST = "$(BUNDLE_LOADER)";
				WRAPPER_EXTENSION = xctest;
			};
			name = Release;
		};
/* End XCBuildConfiguration section */

/* Begin XCConfigurationList section */
		45AF54A1199D444B00FE50C1 /* Build configuration list for PBXProject "TaskCalculator" */ = {
			isa = XCConfigurationList;
			buildConfigurations = (
				45AF54D0199D444C00FE50C1 /* Debug */,
				45AF54D1199D444C00FE50C1 /* Release */,
			);
			defaultConfigurationIsVisible = 0;
			defaultConfigurationName = Release;
		};
		45AF54D2199D444C00FE50C1 /* Build configuration list for PBXNativeTarget "TaskCalculator" */ = {
			isa = XCConfigurationList;
			buildConfigurations = (
				45AF54D3199D444C00FE50C1 /* Debug */,
				45AF54D4199D444C00FE50C1 /* Release */,
			);
			defaultConfigurationIsVisible = 0;
			defaultConfigurationName = Release;
		};
		45AF54D5199D444C00FE50C1 /* Build configuration list for PBXNativeTarget "TaskCalculatorTests" */ = {
			isa = XCConfigurationList;
			buildConfigurations = (
				45AF54D6199D444C00FE50C1 /* Debug */,
				45AF54D7199D444C00FE50C1 /* Release */,
			);
			defaultConfigurationIsVisible = 0;
			defaultConfigurationName = Release;
		};
/* End XCConfigurationList section */
	};
	rootObject = 45AF549E199D444B00FE50C1 /* Project object */;
}
